// !$*UTF8*$!
{
	archiveVersion = 1;
	classes = {
	};
	objectVersion = 55;
	objects = {

/* Begin PBXBuildFile section */
		E29E8444279B159800D12BD1 /* AppDelegate.swift in Sources */ = {isa = PBXBuildFile; fileRef = E29E8443279B159800D12BD1 /* AppDelegate.swift */; };
		E29E8446279B159800D12BD1 /* SceneDelegate.swift in Sources */ = {isa = PBXBuildFile; fileRef = E29E8445279B159800D12BD1 /* SceneDelegate.swift */; };
		E29E8448279B159800D12BD1 /* ViewController.swift in Sources */ = {isa = PBXBuildFile; fileRef = E29E8447279B159800D12BD1 /* ViewController.swift */; };
		E29E844B279B159800D12BD1 /* Main.storyboard in Resources */ = {isa = PBXBuildFile; fileRef = E29E8449279B159800D12BD1 /* Main.storyboard */; };
		E29E844D279B159A00D12BD1 /* Assets.xcassets in Resources */ = {isa = PBXBuildFile; fileRef = E29E844C279B159A00D12BD1 /* Assets.xcassets */; };
		E29E8450279B159A00D12BD1 /* LaunchScreen.storyboard in Resources */ = {isa = PBXBuildFile; fileRef = E29E844E279B159A00D12BD1 /* LaunchScreen.storyboard */; };
		E29E845B279B159A00D12BD1 /* Messaging_AppTests.swift in Sources */ = {isa = PBXBuildFile; fileRef = E29E845A279B159A00D12BD1 /* Messaging_AppTests.swift */; };
		E29E8465279B159A00D12BD1 /* Messaging_AppUITests.swift in Sources */ = {isa = PBXBuildFile; fileRef = E29E8464279B159A00D12BD1 /* Messaging_AppUITests.swift */; };
		E29E8467279B159A00D12BD1 /* Messaging_AppUITestsLaunchTests.swift in Sources */ = {isa = PBXBuildFile; fileRef = E29E8466279B159A00D12BD1 /* Messaging_AppUITestsLaunchTests.swift */; };
		E29E8477279B17B000D12BD1 /* GoogleService-Info.plist in Resources */ = {isa = PBXBuildFile; fileRef = E29E8476279B17B000D12BD1 /* GoogleService-Info.plist */; };
		E29E8483279B1B6100D12BD1 /* SettingsViewVC.swift in Sources */ = {isa = PBXBuildFile; fileRef = E29E8481279B1B6100D12BD1 /* SettingsViewVC.swift */; };
		E29E8484279B1B6100D12BD1 /* SettingsViewVC.xib in Resources */ = {isa = PBXBuildFile; fileRef = E29E8482279B1B6100D12BD1 /* SettingsViewVC.xib */; };
		E29E8487279B1B7300D12BD1 /* MessagesViewVC.swift in Sources */ = {isa = PBXBuildFile; fileRef = E29E8485279B1B7300D12BD1 /* MessagesViewVC.swift */; };
		E29E8488279B1B7300D12BD1 /* MessagesViewVC.xib in Resources */ = {isa = PBXBuildFile; fileRef = E29E8486279B1B7300D12BD1 /* MessagesViewVC.xib */; };
		E29E848B279B1C1400D12BD1 /* SignUpVC.swift in Sources */ = {isa = PBXBuildFile; fileRef = E29E8489279B1C1400D12BD1 /* SignUpVC.swift */; };
		E29E848C279B1C1400D12BD1 /* SignUpVC.xib in Resources */ = {isa = PBXBuildFile; fileRef = E29E848A279B1C1400D12BD1 /* SignUpVC.xib */; };
		E29E848F279B1C2C00D12BD1 /* LogInVC.swift in Sources */ = {isa = PBXBuildFile; fileRef = E29E848D279B1C2C00D12BD1 /* LogInVC.swift */; };
		E29E8490279B1C2C00D12BD1 /* LogInVC.xib in Resources */ = {isa = PBXBuildFile; fileRef = E29E848E279B1C2C00D12BD1 /* LogInVC.xib */; };
/* End PBXBuildFile section */

/* Begin PBXContainerItemProxy section */
		E29E8457279B159A00D12BD1 /* PBXContainerItemProxy */ = {
			isa = PBXContainerItemProxy;
			containerPortal = E29E8438279B159800D12BD1 /* Project object */;
			proxyType = 1;
			remoteGlobalIDString = E29E843F279B159800D12BD1;
			remoteInfo = "Messaging-App";
		};
		E29E8461279B159A00D12BD1 /* PBXContainerItemProxy */ = {
			isa = PBXContainerItemProxy;
			containerPortal = E29E8438279B159800D12BD1 /* Project object */;
			proxyType = 1;
			remoteGlobalIDString = E29E843F279B159800D12BD1;
			remoteInfo = "Messaging-App";
		};
/* End PBXContainerItemProxy section */

/* Begin PBXFileReference section */
		E29E8440279B159800D12BD1 /* Messaging-App.app */ = {isa = PBXFileReference; explicitFileType = wrapper.application; includeInIndex = 0; path = "Messaging-App.app"; sourceTree = BUILT_PRODUCTS_DIR; };
		E29E8443279B159800D12BD1 /* AppDelegate.swift */ = {isa = PBXFileReference; lastKnownFileType = sourcecode.swift; path = AppDelegate.swift; sourceTree = "<group>"; };
		E29E8445279B159800D12BD1 /* SceneDelegate.swift */ = {isa = PBXFileReference; lastKnownFileType = sourcecode.swift; path = SceneDelegate.swift; sourceTree = "<group>"; };
		E29E8447279B159800D12BD1 /* ViewController.swift */ = {isa = PBXFileReference; lastKnownFileType = sourcecode.swift; path = ViewController.swift; sourceTree = "<group>"; };
		E29E844A279B159800D12BD1 /* Base */ = {isa = PBXFileReference; lastKnownFileType = file.storyboard; name = Base; path = Base.lproj/Main.storyboard; sourceTree = "<group>"; };
		E29E844C279B159A00D12BD1 /* Assets.xcassets */ = {isa = PBXFileReference; lastKnownFileType = folder.assetcatalog; path = Assets.xcassets; sourceTree = "<group>"; };
		E29E844F279B159A00D12BD1 /* Base */ = {isa = PBXFileReference; lastKnownFileType = file.storyboard; name = Base; path = Base.lproj/LaunchScreen.storyboard; sourceTree = "<group>"; };
		E29E8451279B159A00D12BD1 /* Info.plist */ = {isa = PBXFileReference; lastKnownFileType = text.plist.xml; path = Info.plist; sourceTree = "<group>"; };
		E29E8456279B159A00D12BD1 /* Messaging-AppTests.xctest */ = {isa = PBXFileReference; explicitFileType = wrapper.cfbundle; includeInIndex = 0; path = "Messaging-AppTests.xctest"; sourceTree = BUILT_PRODUCTS_DIR; };
		E29E845A279B159A00D12BD1 /* Messaging_AppTests.swift */ = {isa = PBXFileReference; lastKnownFileType = sourcecode.swift; path = Messaging_AppTests.swift; sourceTree = "<group>"; };
		E29E8460279B159A00D12BD1 /* Messaging-AppUITests.xctest */ = {isa = PBXFileReference; explicitFileType = wrapper.cfbundle; includeInIndex = 0; path = "Messaging-AppUITests.xctest"; sourceTree = BUILT_PRODUCTS_DIR; };
		E29E8464279B159A00D12BD1 /* Messaging_AppUITests.swift */ = {isa = PBXFileReference; lastKnownFileType = sourcecode.swift; path = Messaging_AppUITests.swift; sourceTree = "<group>"; };
		E29E8466279B159A00D12BD1 /* Messaging_AppUITestsLaunchTests.swift */ = {isa = PBXFileReference; lastKnownFileType = sourcecode.swift; path = Messaging_AppUITestsLaunchTests.swift; sourceTree = "<group>"; };
		E29E8476279B17B000D12BD1 /* GoogleService-Info.plist */ = {isa = PBXFileReference; fileEncoding = 4; lastKnownFileType = text.plist.xml; name = "GoogleService-Info.plist"; path = "../../../../../../../Downloads/GoogleService-Info.plist"; sourceTree = "<group>"; };
		E29E8481279B1B6100D12BD1 /* SettingsViewVC.swift */ = {isa = PBXFileReference; lastKnownFileType = sourcecode.swift; path = SettingsViewVC.swift; sourceTree = "<group>"; };
		E29E8482279B1B6100D12BD1 /* SettingsViewVC.xib */ = {isa = PBXFileReference; lastKnownFileType = file.xib; path = SettingsViewVC.xib; sourceTree = "<group>"; };
		E29E8485279B1B7300D12BD1 /* MessagesViewVC.swift */ = {isa = PBXFileReference; lastKnownFileType = sourcecode.swift; path = MessagesViewVC.swift; sourceTree = "<group>"; };
		E29E8486279B1B7300D12BD1 /* MessagesViewVC.xib */ = {isa = PBXFileReference; lastKnownFileType = file.xib; path = MessagesViewVC.xib; sourceTree = "<group>"; };
		E29E8489279B1C1400D12BD1 /* SignUpVC.swift */ = {isa = PBXFileReference; lastKnownFileType = sourcecode.swift; path = SignUpVC.swift; sourceTree = "<group>"; };
		E29E848A279B1C1400D12BD1 /* SignUpVC.xib */ = {isa = PBXFileReference; lastKnownFileType = file.xib; path = SignUpVC.xib; sourceTree = "<group>"; };
		E29E848D279B1C2C00D12BD1 /* LogInVC.swift */ = {isa = PBXFileReference; lastKnownFileType = sourcecode.swift; path = LogInVC.swift; sourceTree = "<group>"; };
		E29E848E279B1C2C00D12BD1 /* LogInVC.xib */ = {isa = PBXFileReference; lastKnownFileType = file.xib; path = LogInVC.xib; sourceTree = "<group>"; };
/* End PBXFileReference section */

/* Begin PBXFrameworksBuildPhase section */
		E29E843D279B159800D12BD1 /* Frameworks */ = {
			isa = PBXFrameworksBuildPhase;
			buildActionMask = 2147483647;
			files = (
			);
			runOnlyForDeploymentPostprocessing = 0;
		};
		E29E8453279B159A00D12BD1 /* Frameworks */ = {
			isa = PBXFrameworksBuildPhase;
			buildActionMask = 2147483647;
			files = (
			);
			runOnlyForDeploymentPostprocessing = 0;
		};
		E29E845D279B159A00D12BD1 /* Frameworks */ = {
			isa = PBXFrameworksBuildPhase;
			buildActionMask = 2147483647;
			files = (
			);
			runOnlyForDeploymentPostprocessing = 0;
		};
/* End PBXFrameworksBuildPhase section */

/* Begin PBXGroup section */
		E29E8437279B159800D12BD1 = {
			isa = PBXGroup;
			children = (
				E29E8442279B159800D12BD1 /* Messaging-App */,
				E29E8459279B159A00D12BD1 /* Messaging-AppTests */,
				E29E8463279B159A00D12BD1 /* Messaging-AppUITests */,
				E29E8441279B159800D12BD1 /* Products */,
			);
			sourceTree = "<group>";
		};
		E29E8441279B159800D12BD1 /* Products */ = {
			isa = PBXGroup;
			children = (
				E29E8440279B159800D12BD1 /* Messaging-App.app */,
				E29E8456279B159A00D12BD1 /* Messaging-AppTests.xctest */,
				E29E8460279B159A00D12BD1 /* Messaging-AppUITests.xctest */,
			);
			name = Products;
			sourceTree = "<group>";
		};
		E29E8442279B159800D12BD1 /* Messaging-App */ = {
			isa = PBXGroup;
			children = (
				E29E8476279B17B000D12BD1 /* GoogleService-Info.plist */,
				E29E8451279B159A00D12BD1 /* Info.plist */,
				E29E8478279B17C100D12BD1 /* Resources */,
				E29E8480279B18E500D12BD1 /* Network-Manager */,
				E29E847F279B18D900D12BD1 /* Models */,
				E29E847C279B183300D12BD1 /* Views */,
				E29E847D279B183C00D12BD1 /* ViewModels */,
				E29E8479279B17C800D12BD1 /* Controllers */,
			);
			path = "Messaging-App";
			sourceTree = "<group>";
		};
		E29E8459279B159A00D12BD1 /* Messaging-AppTests */ = {
			isa = PBXGroup;
			children = (
				E29E845A279B159A00D12BD1 /* Messaging_AppTests.swift */,
			);
			path = "Messaging-AppTests";
			sourceTree = "<group>";
		};
		E29E8463279B159A00D12BD1 /* Messaging-AppUITests */ = {
			isa = PBXGroup;
			children = (
				E29E8464279B159A00D12BD1 /* Messaging_AppUITests.swift */,
				E29E8466279B159A00D12BD1 /* Messaging_AppUITestsLaunchTests.swift */,
			);
			path = "Messaging-AppUITests";
			sourceTree = "<group>";
		};
		E29E8478279B17C100D12BD1 /* Resources */ = {
			isa = PBXGroup;
			children = (
				E29E8443279B159800D12BD1 /* AppDelegate.swift */,
				E29E8445279B159800D12BD1 /* SceneDelegate.swift */,
			);
			path = Resources;
			sourceTree = "<group>";
		};
		E29E8479279B17C800D12BD1 /* Controllers */ = {
			isa = PBXGroup;
			children = (
				E29E8447279B159800D12BD1 /* ViewController.swift */,
				E29E848D279B1C2C00D12BD1 /* LogInVC.swift */,
				E29E8489279B1C1400D12BD1 /* SignUpVC.swift */,
				E29E8485279B1B7300D12BD1 /* MessagesViewVC.swift */,
				E29E8481279B1B6100D12BD1 /* SettingsViewVC.swift */,
			);
			path = Controllers;
			sourceTree = "<group>";
		};
		E29E847A279B17E500D12BD1 /* Storyboards */ = {
			isa = PBXGroup;
			children = (
				E29E844E279B159A00D12BD1 /* LaunchScreen.storyboard */,
				E29E8449279B159800D12BD1 /* Main.storyboard */,
			);
			path = Storyboards;
			sourceTree = "<group>";
		};
		E29E847B279B17F100D12BD1 /* Assets */ = {
			isa = PBXGroup;
			children = (
				E29E844C279B159A00D12BD1 /* Assets.xcassets */,
			);
			path = Assets;
			sourceTree = "<group>";
		};
		E29E847C279B183300D12BD1 /* Views */ = {
			isa = PBXGroup;
			children = (
				E29E847B279B17F100D12BD1 /* Assets */,
				E29E847E279B18C700D12BD1 /* Nibs */,
				E29E847A279B17E500D12BD1 /* Storyboards */,
			);
			path = Views;
			sourceTree = "<group>";
		};
		E29E847D279B183C00D12BD1 /* ViewModels */ = {
			isa = PBXGroup;
			children = (
			);
			path = ViewModels;
			sourceTree = "<group>";
		};
		E29E847E279B18C700D12BD1 /* Nibs */ = {
			isa = PBXGroup;
			children = (
				E29E848E279B1C2C00D12BD1 /* LogInVC.xib */,
				E29E848A279B1C1400D12BD1 /* SignUpVC.xib */,
				E29E8486279B1B7300D12BD1 /* MessagesViewVC.xib */,
				E29E8482279B1B6100D12BD1 /* SettingsViewVC.xib */,
			);
			path = Nibs;
			sourceTree = "<group>";
		};
		E29E847F279B18D900D12BD1 /* Models */ = {
			isa = PBXGroup;
			children = (
			);
			path = Models;
			sourceTree = "<group>";
		};
		E29E8480279B18E500D12BD1 /* Network-Manager */ = {
			isa = PBXGroup;
			children = (
			);
			path = "Network-Manager";
			sourceTree = "<group>";
		};
/* End PBXGroup section */

/* Begin PBXNativeTarget section */
		E29E843F279B159800D12BD1 /* Messaging-App */ = {
			isa = PBXNativeTarget;
			buildConfigurationList = E29E846A279B159A00D12BD1 /* Build configuration list for PBXNativeTarget "Messaging-App" */;
			buildPhases = (
				E29E843C279B159800D12BD1 /* Sources */,
				E29E843D279B159800D12BD1 /* Frameworks */,
				E29E843E279B159800D12BD1 /* Resources */,
			);
			buildRules = (
			);
			dependencies = (
			);
			name = "Messaging-App";
			productName = "Messaging-App";
			productReference = E29E8440279B159800D12BD1 /* Messaging-App.app */;
			productType = "com.apple.product-type.application";
		};
		E29E8455279B159A00D12BD1 /* Messaging-AppTests */ = {
			isa = PBXNativeTarget;
			buildConfigurationList = E29E846D279B159A00D12BD1 /* Build configuration list for PBXNativeTarget "Messaging-AppTests" */;
			buildPhases = (
				E29E8452279B159A00D12BD1 /* Sources */,
				E29E8453279B159A00D12BD1 /* Frameworks */,
				E29E8454279B159A00D12BD1 /* Resources */,
			);
			buildRules = (
			);
			dependencies = (
				E29E8458279B159A00D12BD1 /* PBXTargetDependency */,
			);
			name = "Messaging-AppTests";
			productName = "Messaging-AppTests";
			productReference = E29E8456279B159A00D12BD1 /* Messaging-AppTests.xctest */;
			productType = "com.apple.product-type.bundle.unit-test";
		};
		E29E845F279B159A00D12BD1 /* Messaging-AppUITests */ = {
			isa = PBXNativeTarget;
			buildConfigurationList = E29E8470279B159A00D12BD1 /* Build configuration list for PBXNativeTarget "Messaging-AppUITests" */;
			buildPhases = (
				E29E845C279B159A00D12BD1 /* Sources */,
				E29E845D279B159A00D12BD1 /* Frameworks */,
				E29E845E279B159A00D12BD1 /* Resources */,
			);
			buildRules = (
			);
			dependencies = (
				E29E8462279B159A00D12BD1 /* PBXTargetDependency */,
			);
			name = "Messaging-AppUITests";
			productName = "Messaging-AppUITests";
			productReference = E29E8460279B159A00D12BD1 /* Messaging-AppUITests.xctest */;
			productType = "com.apple.product-type.bundle.ui-testing";
		};
/* End PBXNativeTarget section */

/* Begin PBXProject section */
		E29E8438279B159800D12BD1 /* Project object */ = {
			isa = PBXProject;
			attributes = {
				BuildIndependentTargetsInParallel = 1;
				LastSwiftUpdateCheck = 1320;
				LastUpgradeCheck = 1320;
				TargetAttributes = {
					E29E843F279B159800D12BD1 = {
						CreatedOnToolsVersion = 13.2.1;
					};
					E29E8455279B159A00D12BD1 = {
						CreatedOnToolsVersion = 13.2.1;
						TestTargetID = E29E843F279B159800D12BD1;
					};
					E29E845F279B159A00D12BD1 = {
						CreatedOnToolsVersion = 13.2.1;
						TestTargetID = E29E843F279B159800D12BD1;
					};
				};
			};
			buildConfigurationList = E29E843B279B159800D12BD1 /* Build configuration list for PBXProject "Messaging-App" */;
			compatibilityVersion = "Xcode 13.0";
			developmentRegion = en;
			hasScannedForEncodings = 0;
			knownRegions = (
				en,
				Base,
			);
			mainGroup = E29E8437279B159800D12BD1;
			productRefGroup = E29E8441279B159800D12BD1 /* Products */;
			projectDirPath = "";
			projectRoot = "";
			targets = (
				E29E843F279B159800D12BD1 /* Messaging-App */,
				E29E8455279B159A00D12BD1 /* Messaging-AppTests */,
				E29E845F279B159A00D12BD1 /* Messaging-AppUITests */,
			);
		};
/* End PBXProject section */

/* Begin PBXResourcesBuildPhase section */
		E29E843E279B159800D12BD1 /* Resources */ = {
			isa = PBXResourcesBuildPhase;
			buildActionMask = 2147483647;
			files = (
				E29E8450279B159A00D12BD1 /* LaunchScreen.storyboard in Resources */,
				E29E8477279B17B000D12BD1 /* GoogleService-Info.plist in Resources */,
				E29E848C279B1C1400D12BD1 /* SignUpVC.xib in Resources */,
				E29E844D279B159A00D12BD1 /* Assets.xcassets in Resources */,
				E29E844B279B159800D12BD1 /* Main.storyboard in Resources */,
				E29E8484279B1B6100D12BD1 /* SettingsViewVC.xib in Resources */,
				E29E8490279B1C2C00D12BD1 /* LogInVC.xib in Resources */,
				E29E8488279B1B7300D12BD1 /* MessagesViewVC.xib in Resources */,
			);
			runOnlyForDeploymentPostprocessing = 0;
		};
		E29E8454279B159A00D12BD1 /* Resources */ = {
			isa = PBXResourcesBuildPhase;
			buildActionMask = 2147483647;
			files = (
			);
			runOnlyForDeploymentPostprocessing = 0;
		};
		E29E845E279B159A00D12BD1 /* Resources */ = {
			isa = PBXResourcesBuildPhase;
			buildActionMask = 2147483647;
			files = (
			);
			runOnlyForDeploymentPostprocessing = 0;
		};
/* End PBXResourcesBuildPhase section */

/* Begin PBXSourcesBuildPhase section */
		E29E843C279B159800D12BD1 /* Sources */ = {
			isa = PBXSourcesBuildPhase;
			buildActionMask = 2147483647;
			files = (
				E29E8483279B1B6100D12BD1 /* SettingsViewVC.swift in Sources */,
				E29E8448279B159800D12BD1 /* ViewController.swift in Sources */,
				E29E8487279B1B7300D12BD1 /* MessagesViewVC.swift in Sources */,
				E29E848F279B1C2C00D12BD1 /* LogInVC.swift in Sources */,
				E29E8444279B159800D12BD1 /* AppDelegate.swift in Sources */,
				E29E848B279B1C1400D12BD1 /* SignUpVC.swift in Sources */,
				E29E8446279B159800D12BD1 /* SceneDelegate.swift in Sources */,
			);
			runOnlyForDeploymentPostprocessing = 0;
		};
		E29E8452279B159A00D12BD1 /* Sources */ = {
			isa = PBXSourcesBuildPhase;
			buildActionMask = 2147483647;
			files = (
				E29E845B279B159A00D12BD1 /* Messaging_AppTests.swift in Sources */,
			);
			runOnlyForDeploymentPostprocessing = 0;
		};
		E29E845C279B159A00D12BD1 /* Sources */ = {
			isa = PBXSourcesBuildPhase;
			buildActionMask = 2147483647;
			files = (
				E29E8465279B159A00D12BD1 /* Messaging_AppUITests.swift in Sources */,
				E29E8467279B159A00D12BD1 /* Messaging_AppUITestsLaunchTests.swift in Sources */,
			);
			runOnlyForDeploymentPostprocessing = 0;
		};
/* End PBXSourcesBuildPhase section */

/* Begin PBXTargetDependency section */
		E29E8458279B159A00D12BD1 /* PBXTargetDependency */ = {
			isa = PBXTargetDependency;
			target = E29E843F279B159800D12BD1 /* Messaging-App */;
			targetProxy = E29E8457279B159A00D12BD1 /* PBXContainerItemProxy */;
		};
		E29E8462279B159A00D12BD1 /* PBXTargetDependency */ = {
			isa = PBXTargetDependency;
			target = E29E843F279B159800D12BD1 /* Messaging-App */;
			targetProxy = E29E8461279B159A00D12BD1 /* PBXContainerItemProxy */;
		};
/* End PBXTargetDependency section */

/* Begin PBXVariantGroup section */
		E29E8449279B159800D12BD1 /* Main.storyboard */ = {
			isa = PBXVariantGroup;
			children = (
				E29E844A279B159800D12BD1 /* Base */,
			);
			name = Main.storyboard;
			sourceTree = "<group>";
		};
		E29E844E279B159A00D12BD1 /* LaunchScreen.storyboard */ = {
			isa = PBXVariantGroup;
			children = (
				E29E844F279B159A00D12BD1 /* Base */,
			);
			name = LaunchScreen.storyboard;
			sourceTree = "<group>";
		};
/* End PBXVariantGroup section */

/* Begin XCBuildConfiguration section */
		E29E8468279B159A00D12BD1 /* Debug */ = {
			isa = XCBuildConfiguration;
			buildSettings = {
				ALWAYS_SEARCH_USER_PATHS = NO;
				CLANG_ANALYZER_NONNULL = YES;
				CLANG_ANALYZER_NUMBER_OBJECT_CONVERSION = YES_AGGRESSIVE;
				CLANG_CXX_LANGUAGE_STANDARD = "gnu++17";
				CLANG_CXX_LIBRARY = "libc++";
				CLANG_ENABLE_MODULES = YES;
				CLANG_ENABLE_OBJC_ARC = YES;
				CLANG_ENABLE_OBJC_WEAK = YES;
				CLANG_WARN_BLOCK_CAPTURE_AUTORELEASING = YES;
				CLANG_WARN_BOOL_CONVERSION = YES;
				CLANG_WARN_COMMA = YES;
				CLANG_WARN_CONSTANT_CONVERSION = YES;
				CLANG_WARN_DEPRECATED_OBJC_IMPLEMENTATIONS = YES;
				CLANG_WARN_DIRECT_OBJC_ISA_USAGE = YES_ERROR;
				CLANG_WARN_DOCUMENTATION_COMMENTS = YES;
				CLANG_WARN_EMPTY_BODY = YES;
				CLANG_WARN_ENUM_CONVERSION = YES;
				CLANG_WARN_INFINITE_RECURSION = YES;
				CLANG_WARN_INT_CONVERSION = YES;
				CLANG_WARN_NON_LITERAL_NULL_CONVERSION = YES;
				CLANG_WARN_OBJC_IMPLICIT_RETAIN_SELF = YES;
				CLANG_WARN_OBJC_LITERAL_CONVERSION = YES;
				CLANG_WARN_OBJC_ROOT_CLASS = YES_ERROR;
				CLANG_WARN_QUOTED_INCLUDE_IN_FRAMEWORK_HEADER = YES;
				CLANG_WARN_RANGE_LOOP_ANALYSIS = YES;
				CLANG_WARN_STRICT_PROTOTYPES = YES;
				CLANG_WARN_SUSPICIOUS_MOVE = YES;
				CLANG_WARN_UNGUARDED_AVAILABILITY = YES_AGGRESSIVE;
				CLANG_WARN_UNREACHABLE_CODE = YES;
				CLANG_WARN__DUPLICATE_METHOD_MATCH = YES;
				COPY_PHASE_STRIP = NO;
				DEBUG_INFORMATION_FORMAT = dwarf;
				ENABLE_STRICT_OBJC_MSGSEND = YES;
				ENABLE_TESTABILITY = YES;
				GCC_C_LANGUAGE_STANDARD = gnu11;
				GCC_DYNAMIC_NO_PIC = NO;
				GCC_NO_COMMON_BLOCKS = YES;
				GCC_OPTIMIZATION_LEVEL = 0;
				GCC_PREPROCESSOR_DEFINITIONS = (
					"DEBUG=1",
					"$(inherited)",
				);
				GCC_WARN_64_TO_32_BIT_CONVERSION = YES;
				GCC_WARN_ABOUT_RETURN_TYPE = YES_ERROR;
				GCC_WARN_UNDECLARED_SELECTOR = YES;
				GCC_WARN_UNINITIALIZED_AUTOS = YES_AGGRESSIVE;
				GCC_WARN_UNUSED_FUNCTION = YES;
				GCC_WARN_UNUSED_VARIABLE = YES;
				IPHONEOS_DEPLOYMENT_TARGET = 15.2;
				MTL_ENABLE_DEBUG_INFO = INCLUDE_SOURCE;
				MTL_FAST_MATH = YES;
				ONLY_ACTIVE_ARCH = YES;
				SDKROOT = iphoneos;
				SWIFT_ACTIVE_COMPILATION_CONDITIONS = DEBUG;
				SWIFT_OPTIMIZATION_LEVEL = "-Onone";
			};
			name = Debug;
		};
		E29E8469279B159A00D12BD1 /* Release */ = {
			isa = XCBuildConfiguration;
			buildSettings = {
				ALWAYS_SEARCH_USER_PATHS = NO;
				CLANG_ANALYZER_NONNULL = YES;
				CLANG_ANALYZER_NUMBER_OBJECT_CONVERSION = YES_AGGRESSIVE;
				CLANG_CXX_LANGUAGE_STANDARD = "gnu++17";
				CLANG_CXX_LIBRARY = "libc++";
				CLANG_ENABLE_MODULES = YES;
				CLANG_ENABLE_OBJC_ARC = YES;
				CLANG_ENABLE_OBJC_WEAK = YES;
				CLANG_WARN_BLOCK_CAPTURE_AUTORELEASING = YES;
				CLANG_WARN_BOOL_CONVERSION = YES;
				CLANG_WARN_COMMA = YES;
				CLANG_WARN_CONSTANT_CONVERSION = YES;
				CLANG_WARN_DEPRECATED_OBJC_IMPLEMENTATIONS = YES;
				CLANG_WARN_DIRECT_OBJC_ISA_USAGE = YES_ERROR;
				CLANG_WARN_DOCUMENTATION_COMMENTS = YES;
				CLANG_WARN_EMPTY_BODY = YES;
				CLANG_WARN_ENUM_CONVERSION = YES;
				CLANG_WARN_INFINITE_RECURSION = YES;
				CLANG_WARN_INT_CONVERSION = YES;
				CLANG_WARN_NON_LITERAL_NULL_CONVERSION = YES;
				CLANG_WARN_OBJC_IMPLICIT_RETAIN_SELF = YES;
				CLANG_WARN_OBJC_LITERAL_CONVERSION = YES;
				CLANG_WARN_OBJC_ROOT_CLASS = YES_ERROR;
				CLANG_WARN_QUOTED_INCLUDE_IN_FRAMEWORK_HEADER = YES;
				CLANG_WARN_RANGE_LOOP_ANALYSIS = YES;
				CLANG_WARN_STRICT_PROTOTYPES = YES;
				CLANG_WARN_SUSPICIOUS_MOVE = YES;
				CLANG_WARN_UNGUARDED_AVAILABILITY = YES_AGGRESSIVE;
				CLANG_WARN_UNREACHABLE_CODE = YES;
				CLANG_WARN__DUPLICATE_METHOD_MATCH = YES;
				COPY_PHASE_STRIP = NO;
				DEBUG_INFORMATION_FORMAT = "dwarf-with-dsym";
				ENABLE_NS_ASSERTIONS = NO;
				ENABLE_STRICT_OBJC_MSGSEND = YES;
				GCC_C_LANGUAGE_STANDARD = gnu11;
				GCC_NO_COMMON_BLOCKS = YES;
				GCC_WARN_64_TO_32_BIT_CONVERSION = YES;
				GCC_WARN_ABOUT_RETURN_TYPE = YES_ERROR;
				GCC_WARN_UNDECLARED_SELECTOR = YES;
				GCC_WARN_UNINITIALIZED_AUTOS = YES_AGGRESSIVE;
				GCC_WARN_UNUSED_FUNCTION = YES;
				GCC_WARN_UNUSED_VARIABLE = YES;
				IPHONEOS_DEPLOYMENT_TARGET = 15.2;
				MTL_ENABLE_DEBUG_INFO = NO;
				MTL_FAST_MATH = YES;
				SDKROOT = iphoneos;
				SWIFT_COMPILATION_MODE = wholemodule;
				SWIFT_OPTIMIZATION_LEVEL = "-O";
				VALIDATE_PRODUCT = YES;
			};
			name = Release;
		};
		E29E846B279B159A00D12BD1 /* Debug */ = {
			isa = XCBuildConfiguration;
			buildSettings = {
				ASSETCATALOG_COMPILER_APPICON_NAME = AppIcon;
				ASSETCATALOG_COMPILER_GLOBAL_ACCENT_COLOR_NAME = AccentColor;
				CODE_SIGN_STYLE = Automatic;
				CURRENT_PROJECT_VERSION = 1;
				DEVELOPMENT_TEAM = 86ZS9MTMVC;
				GENERATE_INFOPLIST_FILE = YES;
				INFOPLIST_FILE = "Messaging-App/Info.plist";
				INFOPLIST_KEY_UIApplicationSupportsIndirectInputEvents = YES;
				INFOPLIST_KEY_UILaunchStoryboardName = LaunchScreen;
				INFOPLIST_KEY_UIMainStoryboardFile = Main;
				INFOPLIST_KEY_UISupportedInterfaceOrientations = UIInterfaceOrientationPortrait;
				INFOPLIST_KEY_UISupportedInterfaceOrientations_iPad = "UIInterfaceOrientationPortrait UIInterfaceOrientationPortraitUpsideDown UIInterfaceOrientationLandscapeLeft UIInterfaceOrientationLandscapeRight";
				INFOPLIST_KEY_UISupportedInterfaceOrientations_iPhone = "UIInterfaceOrientationPortrait UIInterfaceOrientationLandscapeLeft UIInterfaceOrientationLandscapeRight";
				IPHONEOS_DEPLOYMENT_TARGET = 15.2;
				LD_RUNPATH_SEARCH_PATHS = (
					"$(inherited)",
					"@executable_path/Frameworks",
				);
				MARKETING_VERSION = 1.0;
				PRODUCT_BUNDLE_IDENTIFIER = "com.markyjordan.Messaging-App";
				PRODUCT_NAME = "$(TARGET_NAME)";
				SWIFT_EMIT_LOC_STRINGS = YES;
				SWIFT_VERSION = 5.0;
				TARGETED_DEVICE_FAMILY = "1,2";
			};
			name = Debug;
		};
		E29E846C279B159A00D12BD1 /* Release */ = {
			isa = XCBuildConfiguration;
			buildSettings = {
				ASSETCATALOG_COMPILER_APPICON_NAME = AppIcon;
				ASSETCATALOG_COMPILER_GLOBAL_ACCENT_COLOR_NAME = AccentColor;
				CODE_SIGN_STYLE = Automatic;
				CURRENT_PROJECT_VERSION = 1;
				DEVELOPMENT_TEAM = 86ZS9MTMVC;
				GENERATE_INFOPLIST_FILE = YES;
				INFOPLIST_FILE = "Messaging-App/Info.plist";
				INFOPLIST_KEY_UIApplicationSupportsIndirectInputEvents = YES;
				INFOPLIST_KEY_UILaunchStoryboardName = LaunchScreen;
				INFOPLIST_KEY_UIMainStoryboardFile = Main;
				INFOPLIST_KEY_UISupportedInterfaceOrientations = UIInterfaceOrientationPortrait;
				INFOPLIST_KEY_UISupportedInterfaceOrientations_iPad = "UIInterfaceOrientationPortrait UIInterfaceOrientationPortraitUpsideDown UIInterfaceOrientationLandscapeLeft UIInterfaceOrientationLandscapeRight";
				INFOPLIST_KEY_UISupportedInterfaceOrientations_iPhone = "UIInterfaceOrientationPortrait UIInterfaceOrientationLandscapeLeft UIInterfaceOrientationLandscapeRight";
				IPHONEOS_DEPLOYMENT_TARGET = 15.2;
				LD_RUNPATH_SEARCH_PATHS = (
					"$(inherited)",
					"@executable_path/Frameworks",
				);
				MARKETING_VERSION = 1.0;
				PRODUCT_BUNDLE_IDENTIFIER = "com.markyjordan.Messaging-App";
				PRODUCT_NAME = "$(TARGET_NAME)";
				SWIFT_EMIT_LOC_STRINGS = YES;
				SWIFT_VERSION = 5.0;
				TARGETED_DEVICE_FAMILY = "1,2";
			};
			name = Release;
		};
		E29E846E279B159A00D12BD1 /* Debug */ = {
			isa = XCBuildConfiguration;
			buildSettings = {
				ALWAYS_EMBED_SWIFT_STANDARD_LIBRARIES = YES;
				BUNDLE_LOADER = "$(TEST_HOST)";
				CODE_SIGN_STYLE = Automatic;
				CURRENT_PROJECT_VERSION = 1;
				DEVELOPMENT_TEAM = 86ZS9MTMVC;
				GENERATE_INFOPLIST_FILE = YES;
				IPHONEOS_DEPLOYMENT_TARGET = 15.2;
				MARKETING_VERSION = 1.0;
				PRODUCT_BUNDLE_IDENTIFIER = "com.markyjordan.Messaging-AppTests";
				PRODUCT_NAME = "$(TARGET_NAME)";
				SWIFT_EMIT_LOC_STRINGS = NO;
				SWIFT_VERSION = 5.0;
				TARGETED_DEVICE_FAMILY = "1,2";
				TEST_HOST = "$(BUILT_PRODUCTS_DIR)/Messaging-App.app/Messaging-App";
			};
			name = Debug;
		};
		E29E846F279B159A00D12BD1 /* Release */ = {
			isa = XCBuildConfiguration;
			buildSettings = {
				ALWAYS_EMBED_SWIFT_STANDARD_LIBRARIES = YES;
				BUNDLE_LOADER = "$(TEST_HOST)";
				CODE_SIGN_STYLE = Automatic;
				CURRENT_PROJECT_VERSION = 1;
				DEVELOPMENT_TEAM = 86ZS9MTMVC;
				GENERATE_INFOPLIST_FILE = YES;
				IPHONEOS_DEPLOYMENT_TARGET = 15.2;
				MARKETING_VERSION = 1.0;
				PRODUCT_BUNDLE_IDENTIFIER = "com.markyjordan.Messaging-AppTests";
				PRODUCT_NAME = "$(TARGET_NAME)";
				SWIFT_EMIT_LOC_STRINGS = NO;
				SWIFT_VERSION = 5.0;
				TARGETED_DEVICE_FAMILY = "1,2";
				TEST_HOST = "$(BUILT_PRODUCTS_DIR)/Messaging-App.app/Messaging-App";
			};
			name = Release;
		};
		E29E8471279B159A00D12BD1 /* Debug */ = {
			isa = XCBuildConfiguration;
			buildSettings = {
				ALWAYS_EMBED_SWIFT_STANDARD_LIBRARIES = YES;
				CODE_SIGN_STYLE = Automatic;
				CURRENT_PROJECT_VERSION = 1;
				DEVELOPMENT_TEAM = 86ZS9MTMVC;
				GENERATE_INFOPLIST_FILE = YES;
				MARKETING_VERSION = 1.0;
				PRODUCT_BUNDLE_IDENTIFIER = "com.markyjordan.Messaging-AppUITests";
				PRODUCT_NAME = "$(TARGET_NAME)";
				SWIFT_EMIT_LOC_STRINGS = NO;
				SWIFT_VERSION = 5.0;
				TARGETED_DEVICE_FAMILY = "1,2";
				TEST_TARGET_NAME = "Messaging-App";
			};
			name = Debug;
		};
		E29E8472279B159A00D12BD1 /* Release */ = {
			isa = XCBuildConfiguration;
			buildSettings = {
				ALWAYS_EMBED_SWIFT_STANDARD_LIBRARIES = YES;
				CODE_SIGN_STYLE = Automatic;
				CURRENT_PROJECT_VERSION = 1;
				DEVELOPMENT_TEAM = 86ZS9MTMVC;
				GENERATE_INFOPLIST_FILE = YES;
				MARKETING_VERSION = 1.0;
				PRODUCT_BUNDLE_IDENTIFIER = "com.markyjordan.Messaging-AppUITests";
				PRODUCT_NAME = "$(TARGET_NAME)";
				SWIFT_EMIT_LOC_STRINGS = NO;
				SWIFT_VERSION = 5.0;
				TARGETED_DEVICE_FAMILY = "1,2";
				TEST_TARGET_NAME = "Messaging-App";
			};
			name = Release;
		};
/* End XCBuildConfiguration section */

/* Begin XCConfigurationList section */
		E29E843B279B159800D12BD1 /* Build configuration list for PBXProject "Messaging-App" */ = {
			isa = XCConfigurationList;
			buildConfigurations = (
				E29E8468279B159A00D12BD1 /* Debug */,
				E29E8469279B159A00D12BD1 /* Release */,
			);
			defaultConfigurationIsVisible = 0;
			defaultConfigurationName = Release;
		};
		E29E846A279B159A00D12BD1 /* Build configuration list for PBXNativeTarget "Messaging-App" */ = {
			isa = XCConfigurationList;
			buildConfigurations = (
				E29E846B279B159A00D12BD1 /* Debug */,
				E29E846C279B159A00D12BD1 /* Release */,
			);
			defaultConfigurationIsVisible = 0;
			defaultConfigurationName = Release;
		};
		E29E846D279B159A00D12BD1 /* Build configuration list for PBXNativeTarget "Messaging-AppTests" */ = {
			isa = XCConfigurationList;
			buildConfigurations = (
				E29E846E279B159A00D12BD1 /* Debug */,
				E29E846F279B159A00D12BD1 /* Release */,
			);
			defaultConfigurationIsVisible = 0;
			defaultConfigurationName = Release;
		};
		E29E8470279B159A00D12BD1 /* Build configuration list for PBXNativeTarget "Messaging-AppUITests" */ = {
			isa = XCConfigurationList;
			buildConfigurations = (
				E29E8471279B159A00D12BD1 /* Debug */,
				E29E8472279B159A00D12BD1 /* Release */,
			);
			defaultConfigurationIsVisible = 0;
			defaultConfigurationName = Release;
		};
/* End XCConfigurationList section */
	};
	rootObject = E29E8438279B159800D12BD1 /* Project object */;
}
